
Microsoft Visual Studio Solution File, Format Version 12.00
# Visual Studio Version 16
VisualStudioVersion = 16.0.31205.134
MinimumVisualStudioVersion = 10.0.40219.1
Project("{FAE04EC0-301F-11D3-BF4B-00C04F79EFBC}") = "FirstWCFService_082", "FirstWCFService_082\FirstWCFService_082.csproj", "{DD3BA8D6-5F84-4CBD-A77D-DD1DF368A012}"
EndProject
Global
	GlobalSection(SolutionConfigurationPlatforms) = preSolution
		Debug|Any CPU = Debug|Any CPU
		Release|Any CPU = Release|Any CPU
	EndGlobalSection
	GlobalSection(ProjectConfigurationPlatforms) = postSolution
		{DD3BA8D6-5F84-4CBD-A77D-DD1DF368A012}.Debug|Any CPU.ActiveCfg = Debug|Any CPU
		{DD3BA8D6-5F84-4CBD-A77D-DD1DF368A012}.Debug|Any CPU.Build.0 = Debug|Any CPU
		{DD3BA8D6-5F84-4CBD-A77D-DD1DF368A012}.Release|Any CPU.ActiveCfg = Release|Any CPU
		{DD3BA8D6-5F84-4CBD-A77D-DD1DF368A012}.Release|Any CPU.Build.0 = Release|Any CPU
	EndGlobalSection
	GlobalSection(SolutionProperties) = preSolution
		HideSolutionNode = FALSE
	EndGlobalSection
	GlobalSection(ExtensibilityGlobals) = postSolution
		SolutionGuid = {330D51D5-69EF-4DA2-8A29-6C9D5E3E849A}
	EndGlobalSection
EndGlobal
